
Microsoft Visual Studio Solution File, Format Version 12.00
# Visual Studio Version 17
VisualStudioVersion = 17.8.34525.116
MinimumVisualStudioVersion = 10.0.40219.1
Project("{FAE04EC0-301F-11D3-BF4B-00C04F79EFBC}") = "test", "test\test.csproj", "{2E080E8D-B67D-4F98-B561-063682840D4F}"
EndProject
Global
	GlobalSection(SolutionConfigurationPlatforms) = preSolution
		Debug|Any CPU = Debug|Any CPU
		Release|Any CPU = Release|Any CPU
	EndGlobalSection
	GlobalSection(ProjectConfigurationPlatforms) = postSolution
		{2E080E8D-B67D-4F98-B561-063682840D4F}.Debug|Any CPU.ActiveCfg = Debug|Any CPU
		{2E080E8D-B67D-4F98-B561-063682840D4F}.Debug|Any CPU.Build.0 = Debug|Any CPU
		{2E080E8D-B67D-4F98-B561-063682840D4F}.Release|Any CPU.ActiveCfg = Release|Any CPU
		{2E080E8D-B67D-4F98-B561-063682840D4F}.Release|Any CPU.Build.0 = Release|Any CPU
	EndGlobalSection
	GlobalSection(SolutionProperties) = preSolution
		HideSolutionNode = FALSE
	EndGlobalSection
	GlobalSection(ExtensibilityGlobals) = postSolution
		SolutionGuid = {D174DE6F-DA8B-4762-A3F7-90157DBBA3DE}
	EndGlobalSection
EndGlobal
